
Microsoft Visual Studio Solution File, Format Version 12.00
# Visual Studio Version 17
VisualStudioVersion = 17.2.32630.192
MinimumVisualStudioVersion = 10.0.40219.1
Project("{FAE04EC0-301F-11D3-BF4B-00C04F79EFBC}") = "Geometry", "Geometry.csproj", "{1D98FB53-C392-4FD6-8583-8027C38990A8}"
EndProject
Global
	GlobalSection(SolutionConfigurationPlatforms) = preSolution
		Debug|Any CPU = Debug|Any CPU
		Release|Any CPU = Release|Any CPU
	EndGlobalSection
	GlobalSection(ProjectConfigurationPlatforms) = postSolution
		{1D98FB53-C392-4FD6-8583-8027C38990A8}.Debug|Any CPU.ActiveCfg = Debug|Any CPU
		{1D98FB53-C392-4FD6-8583-8027C38990A8}.Debug|Any CPU.Build.0 = Debug|Any CPU
		{1D98FB53-C392-4FD6-8583-8027C38990A8}.Release|Any CPU.ActiveCfg = Release|Any CPU
		{1D98FB53-C392-4FD6-8583-8027C38990A8}.Release|Any CPU.Build.0 = Release|Any CPU
	EndGlobalSection
	GlobalSection(SolutionProperties) = preSolution
		HideSolutionNode = FALSE
	EndGlobalSection
	GlobalSection(ExtensibilityGlobals) = postSolution
		SolutionGuid = {1ED716D9-D40B-46A2-9D82-10F95C1FA74D}
	EndGlobalSection
EndGlobal
